
Microsoft Visual Studio Solution File, Format Version 12.00
# Visual Studio Version 17
VisualStudioVersion = 17.3.32929.385
MinimumVisualStudioVersion = 10.0.40219.1
Project("{FAE04EC0-301F-11D3-BF4B-00C04F79EFBC}") = "LsLister", "LsLister\LsLister.csproj", "{F69281A0-06F1-46D6-993A-8149096908B1}"
EndProject
Global
	GlobalSection(SolutionConfigurationPlatforms) = preSolution
		Debug|Any CPU = Debug|Any CPU
		Release|Any CPU = Release|Any CPU
	EndGlobalSection
	GlobalSection(ProjectConfigurationPlatforms) = postSolution
		{F69281A0-06F1-46D6-993A-8149096908B1}.Debug|Any CPU.ActiveCfg = Debug|Any CPU
		{F69281A0-06F1-46D6-993A-8149096908B1}.Debug|Any CPU.Build.0 = Debug|Any CPU
		{F69281A0-06F1-46D6-993A-8149096908B1}.Release|Any CPU.ActiveCfg = Release|Any CPU
		{F69281A0-06F1-46D6-993A-8149096908B1}.Release|Any CPU.Build.0 = Release|Any CPU
	EndGlobalSection
	GlobalSection(SolutionProperties) = preSolution
		HideSolutionNode = FALSE
	EndGlobalSection
	GlobalSection(ExtensibilityGlobals) = postSolution
		SolutionGuid = {7BBE4585-56F4-4E5F-8021-3D3ED2402E5F}
	EndGlobalSection
EndGlobal
